
Microsoft Visual Studio Solution File, Format Version 12.00
# Visual Studio 15
VisualStudioVersion = 15.0.28010.2036
MinimumVisualStudioVersion = 10.0.40219.1
Project("{FAE04EC0-301F-11D3-BF4B-00C04F79EFBC}") = "MyAssembler", "MyAssembler\MyAssembler.csproj", "{61CA4E45-47F3-4BB1-AF42-A910B5290E5A}"
EndProject
Global
	GlobalSection(SolutionConfigurationPlatforms) = preSolution
		Debug|Any CPU = Debug|Any CPU
		Release|Any CPU = Release|Any CPU
	EndGlobalSection
	GlobalSection(ProjectConfigurationPlatforms) = postSolution
		{61CA4E45-47F3-4BB1-AF42-A910B5290E5A}.Debug|Any CPU.ActiveCfg = Debug|Any CPU
		{61CA4E45-47F3-4BB1-AF42-A910B5290E5A}.Debug|Any CPU.Build.0 = Debug|Any CPU
		{61CA4E45-47F3-4BB1-AF42-A910B5290E5A}.Release|Any CPU.ActiveCfg = Release|Any CPU
		{61CA4E45-47F3-4BB1-AF42-A910B5290E5A}.Release|Any CPU.Build.0 = Release|Any CPU
	EndGlobalSection
	GlobalSection(SolutionProperties) = preSolution
		HideSolutionNode = FALSE
	EndGlobalSection
	GlobalSection(ExtensibilityGlobals) = postSolution
		SolutionGuid = {CFCDB409-11C0-411E-84D0-8A17A21B46EA}
	EndGlobalSection
EndGlobal
